{
  "version": 1,
  "compiler": "seal 0.1.0",
  "target": "bitcoin-mainnet-tapscript-v1",
  "source_sha256": "87ae3a782e1aceb6184f8a5cf31535a4b63252172e69c14f5eb20ac176a71946",
  "args_sha256": "3bb3698b6233ba824addf56e063d078332d28db090c24d0479fb1a0ced9952a5",
  "externs": {
    "M": "2",
    "N": "3",
    "keys": "[0x2b4ea0a797a443d293ef5cff444f4979f06acfebd7e86d277475656138385b6c, 0x5cbdf0646e5db4eaa398f365f2ea7a0e3d419b7e0330e39ce92bddedcac4f9bc, 0xf28773c2d975288bc7d1d205c3748651b075fbc6610e58cddeeddf8f19405aa8]"
  },
  "address": "bc1pxqavrurn7nh7s9q4p7rq0kmczc0zhh6d6h4a3l95l2prn3uuqsrsuwmhul",
  "output_key": "303ac1f073f4efe814150f8607db78161e2bdf4dd5ebd8fcb4fa8239c79c0407",
  "parity": 0,
  "internal_key": "e2bdbdbb8fcfc4476f4a5fd6388dd43d5ed311e9d7d794611d4969d2edd78efe",
  "merkle_root": "e52815f2e855f5ac73630cecfd021cadc0d68fc516cf9fc28ae351ed91794770",
  "tweak": "87413608a09fafa7dc63079b117a095af47eb3e12ca924f8f5192fe87267b42c",
  "tree": "fallback",
  "leaves": [
    {
      "name": "fallback",
      "script": "202b4ea0a797a443d293ef5cff444f4979f06acfebd7e86d277475656138385b6cac205cbdf0646e5db4eaa398f365f2ea7a0e3d419b7e0330e39ce92bddedcac4f9bcba20f28773c2d975288bc7d1d205c3748651b075fbc6610e58cddeeddf8f19405aa8ba529c",
      "leaf_hash": "e52815f2e855f5ac73630cecfd021cadc0d68fc516cf9fc28ae351ed91794770",
      "depth": 0,
      "control_block": "c0e2bdbdbb8fcfc4476f4a5fd6388dd43d5ed311e9d7d794611d4969d2edd78efe",
      "witness": [
        "sigs[2]",
        "sigs[1]",
        "sigs[0]"
      ],
      "script_bytes": 104,
      "control_bytes": 33,
      "witness_elements": 3
    }
  ]
}
