{
  "version": 1,
  "compiler": "seal 0.1.0",
  "target": "bitcoin-mainnet-tapscript-v1",
  "source_sha256": "8a806ef9536a6744270b6d61ff9624f96a1d226617c0cbc32e4ee20090efd60b",
  "args_sha256": "ce7f00903a0497b55af943ec7530d254473684d396a274994076f326d2edcf50",
  "externs": {
    "hot": "0x2b4ea0a797a443d293ef5cff444f4979f06acfebd7e86d277475656138385b6c",
    "cosigner": "0x5cbdf0646e5db4eaa398f365f2ea7a0e3d419b7e0330e39ce92bddedcac4f9bc",
    "cold": "0xf28773c2d975288bc7d1d205c3748651b075fbc6610e58cddeeddf8f19405aa8"
  },
  "address": "bc1pwsjqke4jpz06hx32anypxdfauwpc322fh28vtnnj6fzfg79m3t9sqe2dnl",
  "output_key": "74240b66b2089fab9a2aecc813353de38388a949ba8ec5ce72d2449478bb8acb",
  "parity": 0,
  "internal_key": "1319173b03c7cea0bdb834bc39f53d668d4add15531e18b86532d9e4ef83b6ea",
  "merkle_root": "243f50c7410a4b60c537a3d3dc4dac6c811aab324e3950629220ad64292e6e77",
  "tweak": "93bcd1983e150881bed91dc82d857ea67469f3d2ca727ed64d251835e67007f4",
  "tree": "branch(fallback, recover)",
  "leaves": [
    {
      "name": "fallback",
      "script": "202b4ea0a797a443d293ef5cff444f4979f06acfebd7e86d277475656138385b6cad02e010b2",
      "leaf_hash": "c389ffcfb5374d54b649a522d9989addbf29ce99250ed9959a0a1e43469747c4",
      "depth": 1,
      "control_block": "c01319173b03c7cea0bdb834bc39f53d668d4add15531e18b86532d9e4ef83b6ead419cb58eebf05278ab32b80ffafe761cacba38c5cc93abea6083419506ddf38",
      "witness": [
        "signature"
      ],
      "script_bytes": 38,
      "control_bytes": 65,
      "witness_elements": 1
    },
    {
      "name": "recover",
      "script": "20f28773c2d975288bc7d1d205c3748651b075fbc6610e58cddeeddf8f19405aa8ad02a032b2",
      "leaf_hash": "d419cb58eebf05278ab32b80ffafe761cacba38c5cc93abea6083419506ddf38",
      "depth": 1,
      "control_block": "c01319173b03c7cea0bdb834bc39f53d668d4add15531e18b86532d9e4ef83b6eac389ffcfb5374d54b649a522d9989addbf29ce99250ed9959a0a1e43469747c4",
      "witness": [
        "signature"
      ],
      "script_bytes": 38,
      "control_bytes": 65,
      "witness_elements": 1
    }
  ]
}
