{
  "version": 1,
  "compiler": "seal 0.2.0",
  "target": "bitcoin-mainnet-tapscript-v1",
  "source_sha256": "80359b5b8a1d387c2c4f64a191977ae7489d41239e263aae26d404f25bda7c5b",
  "args_sha256": "b919b0f0e2133d9db4f140aed1d96414eaca4ba76cf920efb04eb0247121b954",
  "externs": {
    "weights": "[-10, -9, -8, -7, -6, -5, -4, -3, -2, -1, 0, 1, 2, 3, 4, 5, 6, 7, 8, 9, 10, -10, -9, -8, -7, -6, -5, -4, -3, -2, -1, 0, 1, 2, 3, 4, 5, 6, 7, 8, 9, 10, -10, -9, -8, -7, -6, -5, -4, -3, -2, -1, 0, 1, 2, 3, 4, 5, 6, 7, 8, 9, 10, -10, -9, -8, -7, -6, -5, -4, -3, -2, -1, 0, 1, 2, 3, 4, 5, 6, 7, 8, 9, 10, -10, -9, -8, -7, -6, -5, -4, -3, -2, -1, 0, 1, 2, 3, 4, 5, 6, 7, 8, 9, 10, -10, -9, -8, -7, -6, -5, -4, -3, -2, -1, 0, 1, 2, 3, 4, 5, 6, 7, 8, 9, 10, -10, -9, -8, -7, -6, -5, -4, -3, -2, -1, 0, 1, 2, 3, 4, 5, 6, 7, 8, 9, 10, -10, -9, -8, -7, -6, -5, -4, -3, -2, -1, 0, 1, 2, 3, 4, 5, 6, 7, 8, 9, 10, -10, -9, -8, -7, -6, -5, -4, -3, -2, -1, 0, 1, 2, 3, 4, 5, 6, 7, 8, 9, 10, -10, -9, -8, -7, -6, -5, -4, -3, -2, -1, 0, 1, 2, 3, 4, 5, 6, 7, 8, 9, 10, -10, -9, -8, -7, -6, -5, -4, -3, -2, -1, 0, 1, 2, 3, 4, 5, 6, 7, 8, 9, 10, -10, -9, -8, -7, -6, -5, -4, -3, -2, -1, 0, 1, 2, 3, 4, 5, 6, 7, 8, 9, 10, -10, -9, -8, -7, -6, -5, -4, -3, -2, -1, 0, 1, 2, 3, 4, 5, 6, 7, 8, 9, 10, -10, -9, -8, -7, -6, -5, -4, -3, -2, -1, 0, 1, 2, 3, 4, 5, 6, 7, 8, 9, 10, -10, -9, -8, -7, -6, -5, -4, -3, -2, -1, 0, 1, 2, 3, 4, 5, 6, 7, 8, 9, 10, -10, -9, -8, -7, -6, -5, -4, -3, -2, -1, 0, 1, 2, 3, 4, 5, 6, 7, 8, 9, 10, -10, -9, -8, -7, -6, -5, -4, -3, -2, -1, 0, 1, 2, 3, 4, 5, 6, 7, 8, 9, 10, -10, -9, -8, -7, -6, -5, -4, -3, -2, -1, 0, 1, 2, 3, 4, 5, 6, 7, 8, 9, 10, -10, -9, -8, -7, -6, -5, -4, -3, -2, -1, 0, 1, 2, 3, 4, 5, 6, 7, 8, 9, 10, -10, -9, -8, -7, -6, -5, -4, -3, -2, -1, 0, 1, 2, 3, 4, 5, 6, 7, 8, 9, 10, -10, -9, -8, -7, -6, -5, -4, -3, -2, -1, 0, 1, 2, 3, 4, 5, 6, 7, 8, 9, 10, -10, -9, -8, -7, -6, -5, -4, -3, -2, -1, 0, 1, 2, 3, 4, 5, 6, 7, 8, 9, 10, -10, -9, -8, -7, -6, -5, -4, -3, -2, -1, 0, 1, 2, 3, 4, 5, 6, 7, 8, 9, 10, -10, -9, -8, -7, -6, -5, -4, -3, -2, -1, 0, 1, 2, 3, 4, 5, 6, 7, 8, 9, 10, -10, -9, -8, -7, -6, -5, -4, -3, -2, -1, 0, 1, 2, 3, 4, 5, 6, 7, 8, 9, 10, -10, -9, -8, -7, -6, -5, -4, -3, -2, -1, 0, 1, 2, 3, 4, 5, 6, 7, 8, 9, 10, -10, -9, -8, -7, -6, -5, -4, -3, -2, -1, 0, 1, 2, 3, 4, 5, 6, 7, 8, 9, 10, -10, -9, -8, -7, -6, -5, -4, -3, -2, -1, 0, 1, 2, 3, 4, 5, 6, 7, 8, 9, 10, -10, -9, -8, -7, -6, -5, -4, -3, -2, -1, 0, 1, 2, 3, 4, 5, 6, 7, 8, 9, 10, -10, -9, -8, -7, -6, -5, -4, -3, -2, -1, 0, 1, 2, 3, 4, 5, 6, 7, 8, 9, 10, -10, -9, -8, -7, -6, -5, -4, -3, -2, -1, 0, 1, 2, 3, 4, 5, 6, 7, 8, 9, 10, -10, -9, -8, -7, -6, -5, -4, -3, -2, -1, 0, 1, 2, 3, 4, 5, 6, 7, 8, 9, 10, -10, -9, -8, -7, -6, -5, -4, -3, -2, -1, 0, 1, 2, 3, 4, 5, 6, 7, 8, 9, 10, -10, -9, -8, -7, -6, -5, -4, -3, -2, -1, 0, 1, 2, 3, 4, 5, 6, 7, 8, 9, 10, -10, -9, -8, -7, -6, -5, -4, -3, -2, -1, 0, 1, 2, 3, 4, 5, 6, 7, 8, 9, 10, -10, -9, -8, -7, -6, -5, -4, -3, -2, -1, 0, 1, 2, 3, 4, 5, 6, 7, 8, 9, 10, -10, -9, -8, -7, -6, -5, -4, -3, -2, -1, 0, 1, 2, 3, 4, 5, 6, 7, 8, 9, 10, -10, -9, -8, -7, -6, -5, -4]",
    "bias": "5",
    "threshold": "40",
    "solver": "0x2b4ea0a797a443d293ef5cff444f4979f06acfebd7e86d277475656138385b6c"
  },
  "address": "bc1pxlyr4k0fcgk5k8vfu64tajcspn6s67cnxdvhaspnp49q7s6wa2hqcn2keq",
  "output_key": "37c83ad9e9c22d4b1d89e6aabecb100cf50d7b1333597ec0330d4a0f434eeaae",
  "parity": 1,
  "internal_key": "cf81bf2a267537a24f4c1d8f22832cc53101efd54ee8d341f7882393d98a3782",
  "nums_r": "03aea90419770a7c7f2c5b5d6a639f8e0ed9f96100d63c7e49b9c8089c651436",
  "merkle_root": "ef2085ddf737c40e3ae16bcd96795830c06b2dfe7c094caa51fdd5a5ec2b4faf",
  "tweak": "73094a23432d697d096624cdc97e2271da56456b6651cae133df4440fc767de9",
  "tree": "claim",
  "leaves": [
    {
      "name": "claim",
      "script": "007c63018a93687c63018993687c63018893687c63018793687c63018693687c63018593687c63018493687c63018393687c63018293687c638c687c638b687c635293687c635393687c635493687c635593687c635693687c635793687c635893687c635993687c635a93687c63018a93687c63018993687c63018893687c63018793687c63018693687c63018593687c63018493687c63018393687c63018293687c638c687c638b687c635293687c635393687c635493687c635593687c635693687c635793687c635893687c635993687c635a93687c63018a93687c63018993687c63018893687c63018793687c63018693687c63018593687c63018493687c63018393687c63018293687c638c687c638b687c635293687c635393687c635493687c635593687c635693687c635793687c635893687c635993687c635a93687c63018a93687c63018993687c63018893687c63018793687c63018693687c63018593687c63018493687c63018393687c63018293687c638c687c638b687c635293687c635393687c635493687c635593687c635693687c635793687c635893687c635993687c635a93687c63018a93687c63018993687c63018893687c63018793687c63018693687c63018593687c63018493687c63018393687c63018293687c638c687c638b687c635293687c635393687c635493687c635593687c635693687c635793687c635893687c635993687c635a93687c63018a93687c63018993687c63018893687c63018793687c63018693687c63018593687c63018493687c63018393687c63018293687c638c687c638b687c635293687c635393687c635493687c635593687c635693687c635793687c635893687c635993687c635a93687c63018a93687c63018993687c63018893687c63018793687c63018693687c63018593687c63018493687c63018393687c63018293687c638c687c638b687c635293687c635393687c635493687c635593687c635693687c635793687c635893687c635993687c635a93687c63018a93687c63018993687c63018893687c63018793687c63018693687c63018593687c63018493687c63018393687c63018293687c638c687c638b687c635293687c635393687c635493687c635593687c635693687c635793687c635893687c635993687c635a93687c63018a93687c63018993687c63018893687c63018793687c63018693687c63018593687c63018493687c63018393687c63018293687c638c687c638b687c635293687c635393687c635493687c635593687c635693687c635793687c635893687c635993687c635a93687c63018a93687c63018993687c63018893687c63018793687c63018693687c63018593687c63018493687c63018393687c63018293687c638c687c638b687c635293687c635393687c635493687c635593687c635693687c635793687c635893687c635993687c635a93687c63018a93687c63018993687c63018893687c63018793687c63018693687c63018593687c63018493687c63018393687c63018293687c638c687c638b687c635293687c635393687c635493687c635593687c635693687c635793687c635893687c635993687c635a93687c63018a93687c63018993687c63018893687c63018793687c63018693687c63018593687c63018493687c63018393687c63018293687c638c687c638b687c635293687c635393687c635493687c635593687c635693687c635793687c635893687c635993687c635a93687c63018a93687c63018993687c63018893687c63018793687c63018693687c63018593687c63018493687c63018393687c63018293687c638c687c638b687c635293687c635393687c635493687c635593687c635693687c635793687c635893687c635993687c635a93687c63018a93687c63018993687c63018893687c63018793687c63018693687c63018593687c63018493687c63018393687c63018293687c638c687c638b687c635293687c635393687c635493687c635593687c635693687c635793687c635893687c635993687c635a93687c63018a93687c63018993687c63018893687c63018793687c63018693687c63018593687c63018493687c63018393687c63018293687c638c687c638b687c635293687c635393687c635493687c635593687c635693687c635793687c635893687c635993687c635a93687c63018a93687c63018993687c63018893687c63018793687c63018693687c63018593687c63018493687c63018393687c63018293687c638c687c638b687c635293687c635393687c635493687c635593687c635693687c635793687c635893687c635993687c635a93687c63018a93687c63018993687c63018893687c63018793687c63018693687c63018593687c63018493687c63018393687c63018293687c638c687c638b687c635293687c635393687c635493687c635593687c635693687c635793687c635893687c635993687c635a93687c63018a93687c63018993687c63018893687c63018793687c63018693687c63018593687c63018493687c63018393687c63018293687c638c687c638b687c635293687c635393687c635493687c635593687c635693687c635793687c635893687c635993687c635a93687c63018a93687c63018993687c63018893687c63018793687c63018693687c63018593687c63018493687c63018393687c63018293687c638c687c638b687c635293687c635393687c635493687c635593687c635693687c635793687c635893687c635993687c635a93687c63018a93687c63018993687c63018893687c63018793687c63018693687c63018593687c63018493687c63018393687c63018293687c638c687c638b687c635293687c635393687c635493687c635593687c635693687c635793687c635893687c635993687c635a93687c63018a93687c63018993687c63018893687c63018793687c63018693687c63018593687c63018493687c63018393687c63018293687c638c687c638b687c635293687c635393687c635493687c635593687c635693687c635793687c635893687c635993687c635a93687c63018a93687c63018993687c63018893687c63018793687c63018693687c63018593687c63018493687c63018393687c63018293687c638c687c638b687c635293687c635393687c635493687c635593687c635693687c635793687c635893687c635993687c635a93687c63018a93687c63018993687c63018893687c63018793687c63018693687c63018593687c63018493687c63018393687c63018293687c638c687c638b687c635293687c635393687c635493687c635593687c635693687c635793687c635893687c635993687c635a93687c63018a93687c63018993687c63018893687c63018793687c63018693687c63018593687c63018493687c63018393687c63018293687c638c687c638b687c635293687c635393687c635493687c635593687c635693687c635793687c635893687c635993687c635a93687c63018a93687c63018993687c63018893687c63018793687c63018693687c63018593687c63018493687c63018393687c63018293687c638c687c638b687c635293687c635393687c635493687c635593687c635693687c635793687c635893687c635993687c635a93687c63018a93687c63018993687c63018893687c63018793687c63018693687c63018593687c63018493687c63018393687c63018293687c638c687c638b687c635293687c635393687c635493687c635593687c635693687c635793687c635893687c635993687c635a93687c63018a93687c63018993687c63018893687c63018793687c63018693687c63018593687c63018493687c63018393687c63018293687c638c687c638b687c635293687c635393687c635493687c635593687c635693687c635793687c635893687c635993687c635a93687c63018a93687c63018993687c63018893687c63018793687c63018693687c63018593687c63018493687c63018393687c63018293687c638c687c638b687c635293687c635393687c635493687c635593687c635693687c635793687c635893687c635993687c635a93687c63018a93687c63018993687c63018893687c63018793687c63018693687c63018593687c63018493687c63018393687c63018293687c638c687c638b687c635293687c635393687c635493687c635593687c635693687c635793687c635893687c635993687c635a93687c63018a93687c63018993687c63018893687c63018793687c63018693687c63018593687c63018493687c63018393687c63018293687c638c687c638b687c635293687c635393687c635493687c635593687c635693687c635793687c635893687c635993687c635a93687c63018a93687c63018993687c63018893687c63018793687c63018693687c63018593687c63018493687c63018393687c63018293687c638c687c638b687c635293687c635393687c635493687c635593687c635693687c635793687c635893687c635993687c635a93687c63018a93687c63018993687c63018893687c63018793687c63018693687c63018593687c63018493687c63018393687c63018293687c638c687c638b687c635293687c635393687c635493687c635593687c635693687c635793687c635893687c635993687c635a93687c63018a93687c63018993687c63018893687c63018793687c63018693687c63018593687c63018493687c63018393687c63018293687c638c687c638b687c635293687c635393687c635493687c635593687c635693687c635793687c635893687c635993687c635a93687c63018a93687c63018993687c63018893687c63018793687c63018693687c63018593687c63018493687c63018393687c63018293687c638c687c638b687c635293687c635393687c635493687c635593687c635693687c635793687c635893687c635993687c635a93687c63018a93687c63018993687c63018893687c63018793687c63018693687c63018593687c63018493687c63018393687c63018293687c638c687c638b687c635293687c635393687c635493687c635593687c635693687c635793687c635893687c635993687c635a93687c63018a93687c63018993687c63018893687c63018793687c63018693687c63018593687c63018493687c63018393687c63018293687c638c687c638b687c635293687c635393687c635493687c635593687c635693687c635793687c635893687c635993687c635a93687c63018a93687c63018993687c63018893687c63018793687c63018693687c63018593687c63018493687c63018393687c63018293687c638c687c638b687c635293687c635393687c635493687c635593687c635693687c635793687c635893687c635993687c635a93687c63018a93687c63018993687c63018893687c63018793687c63018693687c63018593687c63018493680123a069202b4ea0a797a443d293ef5cff444f4979f06acfebd7e86d277475656138385b6cac",
      "leaf_hash": "ef2085ddf737c40e3ae16bcd96795830c06b2dfe7c094caa51fdd5a5ec2b4faf",
      "depth": 0,
      "control_block": "c1cf81bf2a267537a24f4c1d8f22832cc53101efd54ee8d341f7882393d98a3782",
      "witness": [
        "signature",
        "drawing[783]",
        "drawing[782]",
        "drawing[781]",
        "drawing[780]",
        "drawing[779]",
        "drawing[778]",
        "drawing[777]",
        "drawing[776]",
        "drawing[775]",
        "drawing[774]",
        "drawing[773]",
        "drawing[772]",
        "drawing[771]",
        "drawing[770]",
        "drawing[769]",
        "drawing[768]",
        "drawing[767]",
        "drawing[765]",
        "drawing[764]",
        "drawing[763]",
        "drawing[762]",
        "drawing[761]",
        "drawing[760]",
        "drawing[759]",
        "drawing[758]",
        "drawing[757]",
        "drawing[756]",
        "drawing[755]",
        "drawing[754]",
        "drawing[753]",
        "drawing[752]",
        "drawing[751]",
        "drawing[750]",
        "drawing[749]",
        "drawing[748]",
        "drawing[747]",
        "drawing[746]",
        "drawing[744]",
        "drawing[743]",
        "drawing[742]",
        "drawing[741]",
        "drawing[740]",
        "drawing[739]",
        "drawing[738]",
        "drawing[737]",
        "drawing[736]",
        "drawing[735]",
        "drawing[734]",
        "drawing[733]",
        "drawing[732]",
        "drawing[731]",
        "drawing[730]",
        "drawing[729]",
        "drawing[728]",
        "drawing[727]",
        "drawing[726]",
        "drawing[725]",
        "drawing[723]",
        "drawing[722]",
        "drawing[721]",
        "drawing[720]",
        "drawing[719]",
        "drawing[718]",
        "drawing[717]",
        "drawing[716]",
        "drawing[715]",
        "drawing[714]",
        "drawing[713]",
        "drawing[712]",
        "drawing[711]",
        "drawing[710]",
        "drawing[709]",
        "drawing[708]",
        "drawing[707]",
        "drawing[706]",
        "drawing[705]",
        "drawing[704]",
        "drawing[702]",
        "drawing[701]",
        "drawing[700]",
        "drawing[699]",
        "drawing[698]",
        "drawing[697]",
        "drawing[696]",
        "drawing[695]",
        "drawing[694]",
        "drawing[693]",
        "drawing[692]",
        "drawing[691]",
        "drawing[690]",
        "drawing[689]",
        "drawing[688]",
        "drawing[687]",
        "drawing[686]",
        "drawing[685]",
        "drawing[684]",
        "drawing[683]",
        "drawing[681]",
        "drawing[680]",
        "drawing[679]",
        "drawing[678]",
        "drawing[677]",
        "drawing[676]",
        "drawing[675]",
        "drawing[674]",
        "drawing[673]",
        "drawing[672]",
        "drawing[671]",
        "drawing[670]",
        "drawing[669]",
        "drawing[668]",
        "drawing[667]",
        "drawing[666]",
        "drawing[665]",
        "drawing[664]",
        "drawing[663]",
        "drawing[662]",
        "drawing[660]",
        "drawing[659]",
        "drawing[658]",
        "drawing[657]",
        "drawing[656]",
        "drawing[655]",
        "drawing[654]",
        "drawing[653]",
        "drawing[652]",
        "drawing[651]",
        "drawing[650]",
        "drawing[649]",
        "drawing[648]",
        "drawing[647]",
        "drawing[646]",
        "drawing[645]",
        "drawing[644]",
        "drawing[643]",
        "drawing[642]",
        "drawing[641]",
        "drawing[639]",
        "drawing[638]",
        "drawing[637]",
        "drawing[636]",
        "drawing[635]",
        "drawing[634]",
        "drawing[633]",
        "drawing[632]",
        "drawing[631]",
        "drawing[630]",
        "drawing[629]",
        "drawing[628]",
        "drawing[627]",
        "drawing[626]",
        "drawing[625]",
        "drawing[624]",
        "drawing[623]",
        "drawing[622]",
        "drawing[621]",
        "drawing[620]",
        "drawing[618]",
        "drawing[617]",
        "drawing[616]",
        "drawing[615]",
        "drawing[614]",
        "drawing[613]",
        "drawing[612]",
        "drawing[611]",
        "drawing[610]",
        "drawing[609]",
        "drawing[608]",
        "drawing[607]",
        "drawing[606]",
        "drawing[605]",
        "drawing[604]",
        "drawing[603]",
        "drawing[602]",
        "drawing[601]",
        "drawing[600]",
        "drawing[599]",
        "drawing[597]",
        "drawing[596]",
        "drawing[595]",
        "drawing[594]",
        "drawing[593]",
        "drawing[592]",
        "drawing[591]",
        "drawing[590]",
        "drawing[589]",
        "drawing[588]",
        "drawing[587]",
        "drawing[586]",
        "drawing[585]",
        "drawing[584]",
        "drawing[583]",
        "drawing[582]",
        "drawing[581]",
        "drawing[580]",
        "drawing[579]",
        "drawing[578]",
        "drawing[576]",
        "drawing[575]",
        "drawing[574]",
        "drawing[573]",
        "drawing[572]",
        "drawing[571]",
        "drawing[570]",
        "drawing[569]",
        "drawing[568]",
        "drawing[567]",
        "drawing[566]",
        "drawing[565]",
        "drawing[564]",
        "drawing[563]",
        "drawing[562]",
        "drawing[561]",
        "drawing[560]",
        "drawing[559]",
        "drawing[558]",
        "drawing[557]",
        "drawing[555]",
        "drawing[554]",
        "drawing[553]",
        "drawing[552]",
        "drawing[551]",
        "drawing[550]",
        "drawing[549]",
        "drawing[548]",
        "drawing[547]",
        "drawing[546]",
        "drawing[545]",
        "drawing[544]",
        "drawing[543]",
        "drawing[542]",
        "drawing[541]",
        "drawing[540]",
        "drawing[539]",
        "drawing[538]",
        "drawing[537]",
        "drawing[536]",
        "drawing[534]",
        "drawing[533]",
        "drawing[532]",
        "drawing[531]",
        "drawing[530]",
        "drawing[529]",
        "drawing[528]",
        "drawing[527]",
        "drawing[526]",
        "drawing[525]",
        "drawing[524]",
        "drawing[523]",
        "drawing[522]",
        "drawing[521]",
        "drawing[520]",
        "drawing[519]",
        "drawing[518]",
        "drawing[517]",
        "drawing[516]",
        "drawing[515]",
        "drawing[513]",
        "drawing[512]",
        "drawing[511]",
        "drawing[510]",
        "drawing[509]",
        "drawing[508]",
        "drawing[507]",
        "drawing[506]",
        "drawing[505]",
        "drawing[504]",
        "drawing[503]",
        "drawing[502]",
        "drawing[501]",
        "drawing[500]",
        "drawing[499]",
        "drawing[498]",
        "drawing[497]",
        "drawing[496]",
        "drawing[495]",
        "drawing[494]",
        "drawing[492]",
        "drawing[491]",
        "drawing[490]",
        "drawing[489]",
        "drawing[488]",
        "drawing[487]",
        "drawing[486]",
        "drawing[485]",
        "drawing[484]",
        "drawing[483]",
        "drawing[482]",
        "drawing[481]",
        "drawing[480]",
        "drawing[479]",
        "drawing[478]",
        "drawing[477]",
        "drawing[476]",
        "drawing[475]",
        "drawing[474]",
        "drawing[473]",
        "drawing[471]",
        "drawing[470]",
        "drawing[469]",
        "drawing[468]",
        "drawing[467]",
        "drawing[466]",
        "drawing[465]",
        "drawing[464]",
        "drawing[463]",
        "drawing[462]",
        "drawing[461]",
        "drawing[460]",
        "drawing[459]",
        "drawing[458]",
        "drawing[457]",
        "drawing[456]",
        "drawing[455]",
        "drawing[454]",
        "drawing[453]",
        "drawing[452]",
        "drawing[450]",
        "drawing[449]",
        "drawing[448]",
        "drawing[447]",
        "drawing[446]",
        "drawing[445]",
        "drawing[444]",
        "drawing[443]",
        "drawing[442]",
        "drawing[441]",
        "drawing[440]",
        "drawing[439]",
        "drawing[438]",
        "drawing[437]",
        "drawing[436]",
        "drawing[435]",
        "drawing[434]",
        "drawing[433]",
        "drawing[432]",
        "drawing[431]",
        "drawing[429]",
        "drawing[428]",
        "drawing[427]",
        "drawing[426]",
        "drawing[425]",
        "drawing[424]",
        "drawing[423]",
        "drawing[422]",
        "drawing[421]",
        "drawing[420]",
        "drawing[419]",
        "drawing[418]",
        "drawing[417]",
        "drawing[416]",
        "drawing[415]",
        "drawing[414]",
        "drawing[413]",
        "drawing[412]",
        "drawing[411]",
        "drawing[410]",
        "drawing[408]",
        "drawing[407]",
        "drawing[406]",
        "drawing[405]",
        "drawing[404]",
        "drawing[403]",
        "drawing[402]",
        "drawing[401]",
        "drawing[400]",
        "drawing[399]",
        "drawing[398]",
        "drawing[397]",
        "drawing[396]",
        "drawing[395]",
        "drawing[394]",
        "drawing[393]",
        "drawing[392]",
        "drawing[391]",
        "drawing[390]",
        "drawing[389]",
        "drawing[387]",
        "drawing[386]",
        "drawing[385]",
        "drawing[384]",
        "drawing[383]",
        "drawing[382]",
        "drawing[381]",
        "drawing[380]",
        "drawing[379]",
        "drawing[378]",
        "drawing[377]",
        "drawing[376]",
        "drawing[375]",
        "drawing[374]",
        "drawing[373]",
        "drawing[372]",
        "drawing[371]",
        "drawing[370]",
        "drawing[369]",
        "drawing[368]",
        "drawing[366]",
        "drawing[365]",
        "drawing[364]",
        "drawing[363]",
        "drawing[362]",
        "drawing[361]",
        "drawing[360]",
        "drawing[359]",
        "drawing[358]",
        "drawing[357]",
        "drawing[356]",
        "drawing[355]",
        "drawing[354]",
        "drawing[353]",
        "drawing[352]",
        "drawing[351]",
        "drawing[350]",
        "drawing[349]",
        "drawing[348]",
        "drawing[347]",
        "drawing[345]",
        "drawing[344]",
        "drawing[343]",
        "drawing[342]",
        "drawing[341]",
        "drawing[340]",
        "drawing[339]",
        "drawing[338]",
        "drawing[337]",
        "drawing[336]",
        "drawing[335]",
        "drawing[334]",
        "drawing[333]",
        "drawing[332]",
        "drawing[331]",
        "drawing[330]",
        "drawing[329]",
        "drawing[328]",
        "drawing[327]",
        "drawing[326]",
        "drawing[324]",
        "drawing[323]",
        "drawing[322]",
        "drawing[321]",
        "drawing[320]",
        "drawing[319]",
        "drawing[318]",
        "drawing[317]",
        "drawing[316]",
        "drawing[315]",
        "drawing[314]",
        "drawing[313]",
        "drawing[312]",
        "drawing[311]",
        "drawing[310]",
        "drawing[309]",
        "drawing[308]",
        "drawing[307]",
        "drawing[306]",
        "drawing[305]",
        "drawing[303]",
        "drawing[302]",
        "drawing[301]",
        "drawing[300]",
        "drawing[299]",
        "drawing[298]",
        "drawing[297]",
        "drawing[296]",
        "drawing[295]",
        "drawing[294]",
        "drawing[293]",
        "drawing[292]",
        "drawing[291]",
        "drawing[290]",
        "drawing[289]",
        "drawing[288]",
        "drawing[287]",
        "drawing[286]",
        "drawing[285]",
        "drawing[284]",
        "drawing[282]",
        "drawing[281]",
        "drawing[280]",
        "drawing[279]",
        "drawing[278]",
        "drawing[277]",
        "drawing[276]",
        "drawing[275]",
        "drawing[274]",
        "drawing[273]",
        "drawing[272]",
        "drawing[271]",
        "drawing[270]",
        "drawing[269]",
        "drawing[268]",
        "drawing[267]",
        "drawing[266]",
        "drawing[265]",
        "drawing[264]",
        "drawing[263]",
        "drawing[261]",
        "drawing[260]",
        "drawing[259]",
        "drawing[258]",
        "drawing[257]",
        "drawing[256]",
        "drawing[255]",
        "drawing[254]",
        "drawing[253]",
        "drawing[252]",
        "drawing[251]",
        "drawing[250]",
        "drawing[249]",
        "drawing[248]",
        "drawing[247]",
        "drawing[246]",
        "drawing[245]",
        "drawing[244]",
        "drawing[243]",
        "drawing[242]",
        "drawing[240]",
        "drawing[239]",
        "drawing[238]",
        "drawing[237]",
        "drawing[236]",
        "drawing[235]",
        "drawing[234]",
        "drawing[233]",
        "drawing[232]",
        "drawing[231]",
        "drawing[230]",
        "drawing[229]",
        "drawing[228]",
        "drawing[227]",
        "drawing[226]",
        "drawing[225]",
        "drawing[224]",
        "drawing[223]",
        "drawing[222]",
        "drawing[221]",
        "drawing[219]",
        "drawing[218]",
        "drawing[217]",
        "drawing[216]",
        "drawing[215]",
        "drawing[214]",
        "drawing[213]",
        "drawing[212]",
        "drawing[211]",
        "drawing[210]",
        "drawing[209]",
        "drawing[208]",
        "drawing[207]",
        "drawing[206]",
        "drawing[205]",
        "drawing[204]",
        "drawing[203]",
        "drawing[202]",
        "drawing[201]",
        "drawing[200]",
        "drawing[198]",
        "drawing[197]",
        "drawing[196]",
        "drawing[195]",
        "drawing[194]",
        "drawing[193]",
        "drawing[192]",
        "drawing[191]",
        "drawing[190]",
        "drawing[189]",
        "drawing[188]",
        "drawing[187]",
        "drawing[186]",
        "drawing[185]",
        "drawing[184]",
        "drawing[183]",
        "drawing[182]",
        "drawing[181]",
        "drawing[180]",
        "drawing[179]",
        "drawing[177]",
        "drawing[176]",
        "drawing[175]",
        "drawing[174]",
        "drawing[173]",
        "drawing[172]",
        "drawing[171]",
        "drawing[170]",
        "drawing[169]",
        "drawing[168]",
        "drawing[167]",
        "drawing[166]",
        "drawing[165]",
        "drawing[164]",
        "drawing[163]",
        "drawing[162]",
        "drawing[161]",
        "drawing[160]",
        "drawing[159]",
        "drawing[158]",
        "drawing[156]",
        "drawing[155]",
        "drawing[154]",
        "drawing[153]",
        "drawing[152]",
        "drawing[151]",
        "drawing[150]",
        "drawing[149]",
        "drawing[148]",
        "drawing[147]",
        "drawing[146]",
        "drawing[145]",
        "drawing[144]",
        "drawing[143]",
        "drawing[142]",
        "drawing[141]",
        "drawing[140]",
        "drawing[139]",
        "drawing[138]",
        "drawing[137]",
        "drawing[135]",
        "drawing[134]",
        "drawing[133]",
        "drawing[132]",
        "drawing[131]",
        "drawing[130]",
        "drawing[129]",
        "drawing[128]",
        "drawing[127]",
        "drawing[126]",
        "drawing[125]",
        "drawing[124]",
        "drawing[123]",
        "drawing[122]",
        "drawing[121]",
        "drawing[120]",
        "drawing[119]",
        "drawing[118]",
        "drawing[117]",
        "drawing[116]",
        "drawing[114]",
        "drawing[113]",
        "drawing[112]",
        "drawing[111]",
        "drawing[110]",
        "drawing[109]",
        "drawing[108]",
        "drawing[107]",
        "drawing[106]",
        "drawing[105]",
        "drawing[104]",
        "drawing[103]",
        "drawing[102]",
        "drawing[101]",
        "drawing[100]",
        "drawing[99]",
        "drawing[98]",
        "drawing[97]",
        "drawing[96]",
        "drawing[95]",
        "drawing[93]",
        "drawing[92]",
        "drawing[91]",
        "drawing[90]",
        "drawing[89]",
        "drawing[88]",
        "drawing[87]",
        "drawing[86]",
        "drawing[85]",
        "drawing[84]",
        "drawing[83]",
        "drawing[82]",
        "drawing[81]",
        "drawing[80]",
        "drawing[79]",
        "drawing[78]",
        "drawing[77]",
        "drawing[76]",
        "drawing[75]",
        "drawing[74]",
        "drawing[72]",
        "drawing[71]",
        "drawing[70]",
        "drawing[69]",
        "drawing[68]",
        "drawing[67]",
        "drawing[66]",
        "drawing[65]",
        "drawing[64]",
        "drawing[63]",
        "drawing[62]",
        "drawing[61]",
        "drawing[60]",
        "drawing[59]",
        "drawing[58]",
        "drawing[57]",
        "drawing[56]",
        "drawing[55]",
        "drawing[54]",
        "drawing[53]",
        "drawing[51]",
        "drawing[50]",
        "drawing[49]",
        "drawing[48]",
        "drawing[47]",
        "drawing[46]",
        "drawing[45]",
        "drawing[44]",
        "drawing[43]",
        "drawing[42]",
        "drawing[41]",
        "drawing[40]",
        "drawing[39]",
        "drawing[38]",
        "drawing[37]",
        "drawing[36]",
        "drawing[35]",
        "drawing[34]",
        "drawing[33]",
        "drawing[32]",
        "drawing[30]",
        "drawing[29]",
        "drawing[28]",
        "drawing[27]",
        "drawing[26]",
        "drawing[25]",
        "drawing[24]",
        "drawing[23]",
        "drawing[22]",
        "drawing[21]",
        "drawing[20]",
        "drawing[19]",
        "drawing[18]",
        "drawing[17]",
        "drawing[16]",
        "drawing[15]",
        "drawing[14]",
        "drawing[13]",
        "drawing[12]",
        "drawing[11]",
        "drawing[9]",
        "drawing[8]",
        "drawing[7]",
        "drawing[6]",
        "drawing[5]",
        "drawing[4]",
        "drawing[3]",
        "drawing[2]",
        "drawing[1]",
        "drawing[0]"
      ],
      "script_bytes": 4040,
      "control_bytes": 33,
      "witness_elements": 748
    }
  ]
}
