{
  "version": 1,
  "compiler": "seal 0.1.0",
  "target": "bitcoin-mainnet-tapscript-v1",
  "source_sha256": "a220be9ee2b538b2ea171e0c564ee070decd35bde6b74ec40717d15ad115c498",
  "args_sha256": "f2a350560fc0e8e0a08daec2165459731f7f7f64be85f7e26af71baa585595f9",
  "externs": {
    "refund_key": "0x2b4ea0a797a443d293ef5cff444f4979f06acfebd7e86d277475656138385b6c",
    "swap_key": "0x5cbdf0646e5db4eaa398f365f2ea7a0e3d419b7e0330e39ce92bddedcac4f9bc",
    "timelock": "height 900000",
    "hashlock": "0xabababababababababababababababababababababababababababababababab"
  },
  "address": "bc1ptvl6rpv7kefnvta9jeyzt8s384fzrk8una3f5n7dxhxxqletm6wqtfsarq",
  "output_key": "5b3fa1859eb653362fa59648259e113d5221d8fc9f629a4fcd35cc607f2bde9c",
  "parity": 0,
  "internal_key": "1319173b03c7cea0bdb834bc39f53d668d4add15531e18b86532d9e4ef83b6ea",
  "merkle_root": "748fc0ac87902e5f7b2c56e434d2f0498b87fc6cc987601b3d947dd65e1ab4d7",
  "tweak": "8fec775121103f940b5a38d6c01eaba65f2ef3bd085f79105981850acadbca22",
  "tree": "branch(swap, refund)",
  "leaves": [
    {
      "name": "swap",
      "script": "8201209da820abababababababababababababababababababababababababababababababab88205cbdf0646e5db4eaa398f365f2ea7a0e3d419b7e0330e39ce92bddedcac4f9bcac",
      "leaf_hash": "cf687ca9f38f25a72e530c1c54e3e6d8357a79cb244441ff5ae1e24678931e57",
      "depth": 1,
      "control_block": "c01319173b03c7cea0bdb834bc39f53d668d4add15531e18b86532d9e4ef83b6ea90d1e3e4b0b7f48db9b4cbb807c0ba8631e83d614390fb61e1c3a716244aae80",
      "witness": [
        "signature",
        "preimage"
      ],
      "script_bytes": 73,
      "control_bytes": 65,
      "witness_elements": 2
    },
    {
      "name": "refund",
      "script": "202b4ea0a797a443d293ef5cff444f4979f06acfebd7e86d277475656138385b6cad03a0bb0db1",
      "leaf_hash": "90d1e3e4b0b7f48db9b4cbb807c0ba8631e83d614390fb61e1c3a716244aae80",
      "depth": 1,
      "control_block": "c01319173b03c7cea0bdb834bc39f53d668d4add15531e18b86532d9e4ef83b6eacf687ca9f38f25a72e530c1c54e3e6d8357a79cb244441ff5ae1e24678931e57",
      "witness": [
        "signature"
      ],
      "script_bytes": 39,
      "control_bytes": 65,
      "witness_elements": 1
    }
  ]
}
